
Microsoft Visual Studio Solution File, Format Version 12.00
# Visual Studio Version 17
VisualStudioVersion = 17.0.32112.339
MinimumVisualStudioVersion = 10.0.40219.1
Project("{FAE04EC0-301F-11D3-BF4B-00C04F79EFBC}") = "ast-visual-studio-extension", "ast-visual-studio-extension\ast-visual-studio-extension.csproj", "{4A956E62-2014-4D64-8A5B-B703A82B0EC9}"
EndProject
Project("{FAE04EC0-301F-11D3-BF4B-00C04F79EFBC}") = "ast-visual-studio-extension-tests", "ast-visual-studio-extension-tests\ast-visual-studio-extension-tests.csproj", "{EDDDC6E3-A02F-419C-BF9C-1493C39DE2E5}"
EndProject
Global
	GlobalSection(SolutionConfigurationPlatforms) = preSolution
		Debug|Any CPU = Debug|Any CPU
		Debug|x86 = Debug|x86
		Release|Any CPU = Release|Any CPU
		Release|x86 = Release|x86
	EndGlobalSection
	GlobalSection(ProjectConfigurationPlatforms) = postSolution
		{4A956E62-2014-4D64-8A5B-B703A82B0EC9}.Debug|Any CPU.ActiveCfg = Debug|Any CPU
		{4A956E62-2014-4D64-8A5B-B703A82B0EC9}.Debug|Any CPU.Build.0 = Debug|Any CPU
		{4A956E62-2014-4D64-8A5B-B703A82B0EC9}.Debug|x86.ActiveCfg = Debug|x86
		{4A956E62-2014-4D64-8A5B-B703A82B0EC9}.Debug|x86.Build.0 = Debug|x86
		{4A956E62-2014-4D64-8A5B-B703A82B0EC9}.Release|Any CPU.ActiveCfg = Release|Any CPU
		{4A956E62-2014-4D64-8A5B-B703A82B0EC9}.Release|Any CPU.Build.0 = Release|Any CPU
		{4A956E62-2014-4D64-8A5B-B703A82B0EC9}.Release|x86.ActiveCfg = Release|x86
		{4A956E62-2014-4D64-8A5B-B703A82B0EC9}.Release|x86.Build.0 = Release|x86
		{EDDDC6E3-A02F-419C-BF9C-1493C39DE2E5}.Debug|Any CPU.ActiveCfg = Debug|Any CPU
		{EDDDC6E3-A02F-419C-BF9C-1493C39DE2E5}.Debug|Any CPU.Build.0 = Debug|Any CPU
		{EDDDC6E3-A02F-419C-BF9C-1493C39DE2E5}.Debug|x86.ActiveCfg = Debug|Any CPU
		{EDDDC6E3-A02F-419C-BF9C-1493C39DE2E5}.Debug|x86.Build.0 = Debug|Any CPU
		{EDDDC6E3-A02F-419C-BF9C-1493C39DE2E5}.Release|Any CPU.ActiveCfg = Release|Any CPU
		{EDDDC6E3-A02F-419C-BF9C-1493C39DE2E5}.Release|Any CPU.Build.0 = Release|Any CPU
		{EDDDC6E3-A02F-419C-BF9C-1493C39DE2E5}.Release|x86.ActiveCfg = Release|Any CPU
		{EDDDC6E3-A02F-419C-BF9C-1493C39DE2E5}.Release|x86.Build.0 = Release|Any CPU
	EndGlobalSection
	GlobalSection(SolutionProperties) = preSolution
		HideSolutionNode = FALSE
	EndGlobalSection
	GlobalSection(ExtensibilityGlobals) = postSolution
		SolutionGuid = {E2C0B490-1EB0-464E-AEC4-005C977F8749}
	EndGlobalSection
EndGlobal
